# This file is automatically @generated by Poetry 1.8.2 and should not be changed by hand.

[[package]]
name = "npm"
version = "0.1.1"
description = "Python bindings and utils for npm."
optional = false
python-versions = "*"
files = [
    {file = "npm-0.1.1.tar.gz", hash = "sha256:84aefc83a3486d034c4c14f8bcd4b746b95b529289b0d042c268f6201c3034e9"},
]

[package.dependencies]
optional-django = "0.1.0"

[[package]]
name = "optional-django"
version = "0.1.0"
description = "Utils for apps to provide optional support for django applications"
optional = false
python-versions = "*"
files = [
    {file = "optional-django-0.1.0.tar.gz", hash = "sha256:77d6b9fb74bda30583e1af4683a39e0af725cea6003252bba75838f4939326c5"},
]

[metadata]
lock-version = "2.0"
python-versions = "^3.12"
content-hash = "07eed203fe177e76e14643ee8c87eb493c1d17c6d7d44c5d0e2ef99786f028e1"
